
Microsoft Visual Studio Solution File, Format Version 12.00
# Visual Studio Version 16
VisualStudioVersion = 16.0.32106.194
MinimumVisualStudioVersion = 10.0.40219.1
Project("{FAE04EC0-301F-11D3-BF4B-00C04F79EFBC}") = "DiplomApi", "DiplomApi.csproj", "{31233F29-3936-49DD-8142-20359119F2E7}"
EndProject
Global
	GlobalSection(SolutionConfigurationPlatforms) = preSolution
		Debug|Any CPU = Debug|Any CPU
		Release|Any CPU = Release|Any CPU
	EndGlobalSection
	GlobalSection(ProjectConfigurationPlatforms) = postSolution
		{31233F29-3936-49DD-8142-20359119F2E7}.Debug|Any CPU.ActiveCfg = Debug|Any CPU
		{31233F29-3936-49DD-8142-20359119F2E7}.Debug|Any CPU.Build.0 = Debug|Any CPU
		{31233F29-3936-49DD-8142-20359119F2E7}.Release|Any CPU.ActiveCfg = Release|Any CPU
		{31233F29-3936-49DD-8142-20359119F2E7}.Release|Any CPU.Build.0 = Release|Any CPU
	EndGlobalSection
	GlobalSection(SolutionProperties) = preSolution
		HideSolutionNode = FALSE
	EndGlobalSection
	GlobalSection(ExtensibilityGlobals) = postSolution
		SolutionGuid = {AF1D9521-45EB-47CC-9F14-B62921EB0E53}
	EndGlobalSection
EndGlobal
